// !$*UTF8*$!
{
	archiveVersion = 1;
	classes = {
	};
	objectVersion = 77;
	objects = {

/* Begin PBXBuildFile section */
		06F679DF59FDD5A713B88B21 /* MinimapView.swift in Sources */ = {isa = PBXBuildFile; fileRef = 546C4301602323AA070F07FC /* MinimapView.swift */; };
		09E0E3E31120C6B35CF70F06 /* MultiLanguageSyntaxTests.swift in Sources */ = {isa = PBXBuildFile; fileRef = CF27724BF6DA22447492E3EA /* MultiLanguageSyntaxTests.swift */; };
		0BD71F3A5034D4590FF88099 /* TokenColorMappingTests.swift in Sources */ = {isa = PBXBuildFile; fileRef = 19A21D2ED2D4CC8260672D16 /* TokenColorMappingTests.swift */; };
		0D82851B81E88C0E8E54F23D /* CommandPaletteView.swift in Sources */ = {isa = PBXBuildFile; fileRef = D11D1922AC9292E5A1E6A868 /* CommandPaletteView.swift */; };
		113C1224BD078F8E08D910CA /* SampleFileContentTests.swift in Sources */ = {isa = PBXBuildFile; fileRef = 60E5BD66882A90A08536D6D1 /* SampleFileContentTests.swift */; };
		114A3CB2F291DD750906FD2A /* CCppTests.swift in Sources */ = {isa = PBXBuildFile; fileRef = CCB718018C7C338627E0DC67 /* CCppTests.swift */; };
		18F3AA8F0CBE1662F4BBC29D /* FileTreeView.swift in Sources */ = {isa = PBXBuildFile; fileRef = 31317BE6864153C6C9217FAD /* FileTreeView.swift */; };
		1D4471A40C5E77F4F23843A3 /* AppStatePersistenceTests.swift in Sources */ = {isa = PBXBuildFile; fileRef = 3BCBD03F7372D83A1E9C51A7 /* AppStatePersistenceTests.swift */; };
		2482F8B4235A057E6E344027 /* EditorView.swift in Sources */ = {isa = PBXBuildFile; fileRef = 8262E3CEF14213A3440DF912 /* EditorView.swift */; };
		2598CCBC105F2254E8001772 /* FindReplaceEdgeCaseTests.swift in Sources */ = {isa = PBXBuildFile; fileRef = 32C64BBCA97299A84C2D71CE /* FindReplaceEdgeCaseTests.swift */; };
		261A7ADBD4FBBB49A6053FD0 /* SplitEditorTests.swift in Sources */ = {isa = PBXBuildFile; fileRef = ABD9868182765CDCFBBF7ED4 /* SplitEditorTests.swift */; };
		298760A6D91E241CFE6A00B5 /* HTMLCSSTests.swift in Sources */ = {isa = PBXBuildFile; fileRef = 61A2C2204AA7D50E09C43D18 /* HTMLCSSTests.swift */; };
		33DD1B3F38DAA8EAE7EFE07E /* FindStateAdvancedTests.swift in Sources */ = {isa = PBXBuildFile; fileRef = DB5AF4F94B292CC1EEB5D056 /* FindStateAdvancedTests.swift */; };
		349198853B4115EE9C2F8385 /* RootView.swift in Sources */ = {isa = PBXBuildFile; fileRef = F2A780289895491B0F15B073 /* RootView.swift */; };
		3CAB3E8A014F0ED1CB0F7046 /* LanguageCoverageTests.swift in Sources */ = {isa = PBXBuildFile; fileRef = 9882B4FED9350096456FE853 /* LanguageCoverageTests.swift */; };
		3E1EDEC2B760E3B069D81AAC /* FileTreeExpansionTests.swift in Sources */ = {isa = PBXBuildFile; fileRef = 9A6061B3D8B3DFD265B07D26 /* FileTreeExpansionTests.swift */; };
		3E4833058ADE233559478114 /* AppStateExtendedTests.swift in Sources */ = {isa = PBXBuildFile; fileRef = 8216CAE4066CDE5CE0E782BC /* AppStateExtendedTests.swift */; };
		3E73B33F8BA24CF186C99A5B /* FileSearchBar.swift in Sources */ = {isa = PBXBuildFile; fileRef = BA0130685F91B26A39682C02 /* FileSearchBar.swift */; };
		426DE6A6515D6D10F239F5CE /* MiscModelTests.swift in Sources */ = {isa = PBXBuildFile; fileRef = 6DC2728F898E227391F701FC /* MiscModelTests.swift */; };
		443EF3BFC4DD389A4C80E132 /* FileNode.swift in Sources */ = {isa = PBXBuildFile; fileRef = 9C2730516C350802B76ECE40 /* FileNode.swift */; };
		4710290455E261DE0E6D83A0 /* SQLTests.swift in Sources */ = {isa = PBXBuildFile; fileRef = 9326D2D85F56F824FB542792 /* SQLTests.swift */; };
		4A754D924AA04930C65C7104 /* ZedIPadApp.swift in Sources */ = {isa = PBXBuildFile; fileRef = 75493B44C98BA18098F448D8 /* ZedIPadApp.swift */; };
		4C86AB1A000A6BC67BC66D24 /* ZedIPadUITests.swift in Sources */ = {isa = PBXBuildFile; fileRef = 5E5169392D04E943F9B2A54C /* ZedIPadUITests.swift */; };
		539C97C2430FD1FB3360E0A6 /* GoToLineTests.swift in Sources */ = {isa = PBXBuildFile; fileRef = 3779077B7AB382FC732E3509 /* GoToLineTests.swift */; };
		53B6809B99DE478761E26A51 /* ZedThemeColorTests.swift in Sources */ = {isa = PBXBuildFile; fileRef = 6FCDE519A82519B504D4A578 /* ZedThemeColorTests.swift */; };
		554E69EC647EA96C65E4310A /* GoToLineView.swift in Sources */ = {isa = PBXBuildFile; fileRef = EE5284868E370B48D6FF77BB /* GoToLineView.swift */; };
		56C2571637B99E66AD9E84AB /* ColorExtensionTests.swift in Sources */ = {isa = PBXBuildFile; fileRef = A576771F239D7566794E9678 /* ColorExtensionTests.swift */; };
		5976C6BFDFFC3574390E4519 /* ScalaLuaTests.swift in Sources */ = {isa = PBXBuildFile; fileRef = B0A7DF5C1324DCF808590712 /* ScalaLuaTests.swift */; };
		5B54DB763EFBF6231027C663 /* AppStateThemeTransitionTests.swift in Sources */ = {isa = PBXBuildFile; fileRef = 572D8E795FBDB8DD4ED0EA38 /* AppStateThemeTransitionTests.swift */; };
		638D023EFE19440A2EA2050A /* Assets.xcassets in Resources */ = {isa = PBXBuildFile; fileRef = 81C07753EFC99AC808CBBA62 /* Assets.xcassets */; };
		638D65F1A4F4D4B6C8E18A26 /* EditorComponentTests.swift in Sources */ = {isa = PBXBuildFile; fileRef = B0267F220B1112F84B48F882 /* EditorComponentTests.swift */; };
		6C9851252707799004A91E08 /* EdgeCaseTests.swift in Sources */ = {isa = PBXBuildFile; fileRef = 9F2EC379AF130693A8AAC791 /* EdgeCaseTests.swift */; };
		6D1F7258A929CD28B875FD60 /* HighlightCorrectnessTests.swift in Sources */ = {isa = PBXBuildFile; fileRef = 25E79CF13A25E91893931A4C /* HighlightCorrectnessTests.swift */; };
		72DCA54AB25AF61F260C4E12 /* IntegrationTests.swift in Sources */ = {isa = PBXBuildFile; fileRef = FC2DBE2019E07B58A13D7932 /* IntegrationTests.swift */; };
		79A3F653B18384C6A540C578 /* SplitEditorView.swift in Sources */ = {isa = PBXBuildFile; fileRef = 7E5635805377C6A34E00D91B /* SplitEditorView.swift */; };
		7A3AA2A7873CCD8AF62337CD /* DocumentPicker.swift in Sources */ = {isa = PBXBuildFile; fileRef = 388D1D409E28B30889632BAA /* DocumentPicker.swift */; };
		7B674F021E269F627A6D7B9B /* WelcomeView.swift in Sources */ = {isa = PBXBuildFile; fileRef = E200225B65C9C833B48D47A2 /* WelcomeView.swift */; };
		7DACB7B0A44FB83CD22CD9B9 /* ThemeTests.swift in Sources */ = {isa = PBXBuildFile; fileRef = D755FDC7B0C92E414FA40AF2 /* ThemeTests.swift */; };
		81AB21F25F7EC6504580641F /* AppState.swift in Sources */ = {isa = PBXBuildFile; fileRef = 6F9B0FAC05DC1D35AA9DCA54 /* AppState.swift */; };
		8253663503A53BE96A1C7233 /* SyntaxHighlighter.swift in Sources */ = {isa = PBXBuildFile; fileRef = 16A020E50F16B36CC347369F /* SyntaxHighlighter.swift */; };
		86D7DDEEFDA9AF1C0CC6070D /* FindReplaceTests.swift in Sources */ = {isa = PBXBuildFile; fileRef = A352C8D2EB39553EF1035FCD /* FindReplaceTests.swift */; };
		8E34E7220826EECF5C7E35A0 /* DocumentPickerTests.swift in Sources */ = {isa = PBXBuildFile; fileRef = CADC3E1F3F7F2D971502F60A /* DocumentPickerTests.swift */; };
		8E94C0DDDA1E45799E221833 /* ViewComponentTests.swift in Sources */ = {isa = PBXBuildFile; fileRef = 97B75DA85C396A2A72E2407E /* ViewComponentTests.swift */; };
		90A91BC3DAC9B232BECFE388 /* GoKotlinTests.swift in Sources */ = {isa = PBXBuildFile; fileRef = DE76762D650856FE7B729F35 /* GoKotlinTests.swift */; };
		944A0F66657428D493B4066D /* SearchBarTests.swift in Sources */ = {isa = PBXBuildFile; fileRef = 45550456792FF7DBC3289778 /* SearchBarTests.swift */; };
		950B01987FB7434D13A62BF8 /* StatusBarExtendedTests.swift in Sources */ = {isa = PBXBuildFile; fileRef = 37012C988381A0F061BBCB9A /* StatusBarExtendedTests.swift */; };
		9A7426C686688CABF5D5229D /* AppWorkflowTests.swift in Sources */ = {isa = PBXBuildFile; fileRef = 6812812B2E6DD1F62E47A82F /* AppWorkflowTests.swift */; };
		A866823054B6B14DB981EE35 /* ZedTheme.swift in Sources */ = {isa = PBXBuildFile; fileRef = B67E46B495E25E6217FF25A3 /* ZedTheme.swift */; };
		AB7208E455509A7933941ECE /* FileTreeTests.swift in Sources */ = {isa = PBXBuildFile; fileRef = 9F6AF398A92CF8B02A786DF5 /* FileTreeTests.swift */; };
		B6EB1FF14AFA754C3B855907 /* StringProcessingTests.swift in Sources */ = {isa = PBXBuildFile; fileRef = DF000595E45B7926ED07C247 /* StringProcessingTests.swift */; };
		B6FED1FF882A52BBB2A539DE /* AppStateTests.swift in Sources */ = {isa = PBXBuildFile; fileRef = 861232D3A6E236B24FB58AF6 /* AppStateTests.swift */; };
		B9BE48018BE20427A2348A14 /* SyntaxHighlightingTextView.swift in Sources */ = {isa = PBXBuildFile; fileRef = 89220F9BC186D04F72C08168 /* SyntaxHighlightingTextView.swift */; };
		BB7408102C38A671495FA79B /* StatusBar.swift in Sources */ = {isa = PBXBuildFile; fileRef = 64D3D01EDFE66F20C52A79E8 /* StatusBar.swift */; };
		BCA33A2B70F6B18C3D186D76 /* SyntaxHighlighterExtendedTests.swift in Sources */ = {isa = PBXBuildFile; fileRef = 90F7CF29CA5983D792C140B2 /* SyntaxHighlighterExtendedTests.swift */; };
		BEBF7DB948C85C3DA42C953D /* PHPRTests.swift in Sources */ = {isa = PBXBuildFile; fileRef = DA9B05721C6DB6EC2809846F /* PHPRTests.swift */; };
		C6B0A2BA6343BB85C8139450 /* FindBar.swift in Sources */ = {isa = PBXBuildFile; fileRef = A8F6757DE64A4DC288AA4E73 /* FindBar.swift */; };
		CA8C4804A4C368173ED3CBE6 /* BreadcrumbView.swift in Sources */ = {isa = PBXBuildFile; fileRef = 726DED8829C8C98CE55EC5C3 /* BreadcrumbView.swift */; };
		CF5ACF8F07FC198AF4D3A2EB /* TokenRangeTests.swift in Sources */ = {isa = PBXBuildFile; fileRef = 7F005B006706D355CCAA1757 /* TokenRangeTests.swift */; };
		D010B57E16CA4878E94073D7 /* ZedIPadTests.swift in Sources */ = {isa = PBXBuildFile; fileRef = 45ABE1097F78F5F2D88C6ED6 /* ZedIPadTests.swift */; };
		DD65E1060E0E57459B5C4350 /* SyntaxConsistencyTests.swift in Sources */ = {isa = PBXBuildFile; fileRef = 5BEC84A54406B6FDFD48A55E /* SyntaxConsistencyTests.swift */; };
		E4BED900F68681969466F422 /* LandscapeUITests.swift in Sources */ = {isa = PBXBuildFile; fileRef = BFED5952CA220E850CABDD9A /* LandscapeUITests.swift */; };
		E7DBA32D977D629924B092B6 /* SyntaxHighlightRealWorldTests.swift in Sources */ = {isa = PBXBuildFile; fileRef = C63D8AE544F9271FD2E86226 /* SyntaxHighlightRealWorldTests.swift */; };
		EB1A5C889685D7CD836AA2B1 /* AllLanguagesTests.swift in Sources */ = {isa = PBXBuildFile; fileRef = 019E644947D1D05F5AE9B48C /* AllLanguagesTests.swift */; };
		EB654C113F9AD4CB74926B68 /* KeyboardShortcuts.swift in Sources */ = {isa = PBXBuildFile; fileRef = C45D90C78DD5FA0CDCA67BB8 /* KeyboardShortcuts.swift */; };
		EF6B78D792CD69008B876CFB /* ConcurrencyTests.swift in Sources */ = {isa = PBXBuildFile; fileRef = E129C993E55053B5B59FC46D /* ConcurrencyTests.swift */; };
		F4DD54473982B581F6277A62 /* FileNodeUtilityTests.swift in Sources */ = {isa = PBXBuildFile; fileRef = 1CCDB156C4C21D395BD08F88 /* FileNodeUtilityTests.swift */; };
		F85ACE61F9FDF27E55578104 /* FileSearchTests.swift in Sources */ = {isa = PBXBuildFile; fileRef = 1D744373156559C5BE3661D4 /* FileSearchTests.swift */; };
		FC9059566C5D51191D7CE3FB /* StatusBarTests.swift in Sources */ = {isa = PBXBuildFile; fileRef = 61EA73F47B511D5A25ACB96A /* StatusBarTests.swift */; };
/* End PBXBuildFile section */

/* Begin PBXContainerItemProxy section */
		AD971D05C03498ECDCFA5A14 /* PBXContainerItemProxy */ = {
			isa = PBXContainerItemProxy;
			containerPortal = 428014060A3031FEA805512A /* Project object */;
			proxyType = 1;
			remoteGlobalIDString = B4AAD97A73BF55997260CF3E;
			remoteInfo = ZedIPad;
		};
		DD9ED82C95DCFBD5924C3E3F /* PBXContainerItemProxy */ = {
			isa = PBXContainerItemProxy;
			containerPortal = 428014060A3031FEA805512A /* Project object */;
			proxyType = 1;
			remoteGlobalIDString = B4AAD97A73BF55997260CF3E;
			remoteInfo = ZedIPad;
		};
/* End PBXContainerItemProxy section */

/* Begin PBXFileReference section */
		019E644947D1D05F5AE9B48C /* AllLanguagesTests.swift */ = {isa = PBXFileReference; lastKnownFileType = sourcecode.swift; path = AllLanguagesTests.swift; sourceTree = "<group>"; };
		16A020E50F16B36CC347369F /* SyntaxHighlighter.swift */ = {isa = PBXFileReference; lastKnownFileType = sourcecode.swift; path = SyntaxHighlighter.swift; sourceTree = "<group>"; };
		19A21D2ED2D4CC8260672D16 /* TokenColorMappingTests.swift */ = {isa = PBXFileReference; lastKnownFileType = sourcecode.swift; path = TokenColorMappingTests.swift; sourceTree = "<group>"; };
		1CCDB156C4C21D395BD08F88 /* FileNodeUtilityTests.swift */ = {isa = PBXFileReference; lastKnownFileType = sourcecode.swift; path = FileNodeUtilityTests.swift; sourceTree = "<group>"; };
		1D744373156559C5BE3661D4 /* FileSearchTests.swift */ = {isa = PBXFileReference; lastKnownFileType = sourcecode.swift; path = FileSearchTests.swift; sourceTree = "<group>"; };
		25E79CF13A25E91893931A4C /* HighlightCorrectnessTests.swift */ = {isa = PBXFileReference; lastKnownFileType = sourcecode.swift; path = HighlightCorrectnessTests.swift; sourceTree = "<group>"; };
		31317BE6864153C6C9217FAD /* FileTreeView.swift */ = {isa = PBXFileReference; lastKnownFileType = sourcecode.swift; path = FileTreeView.swift; sourceTree = "<group>"; };
		32C64BBCA97299A84C2D71CE /* FindReplaceEdgeCaseTests.swift */ = {isa = PBXFileReference; lastKnownFileType = sourcecode.swift; path = FindReplaceEdgeCaseTests.swift; sourceTree = "<group>"; };
		35B3679791F38488595D3B45 /* ZedIPadTests.xctest */ = {isa = PBXFileReference; includeInIndex = 0; lastKnownFileType = wrapper.cfbundle; path = ZedIPadTests.xctest; sourceTree = BUILT_PRODUCTS_DIR; };
		37012C988381A0F061BBCB9A /* StatusBarExtendedTests.swift */ = {isa = PBXFileReference; lastKnownFileType = sourcecode.swift; path = StatusBarExtendedTests.swift; sourceTree = "<group>"; };
		3779077B7AB382FC732E3509 /* GoToLineTests.swift */ = {isa = PBXFileReference; lastKnownFileType = sourcecode.swift; path = GoToLineTests.swift; sourceTree = "<group>"; };
		388D1D409E28B30889632BAA /* DocumentPicker.swift */ = {isa = PBXFileReference; lastKnownFileType = sourcecode.swift; path = DocumentPicker.swift; sourceTree = "<group>"; };
		3BCBD03F7372D83A1E9C51A7 /* AppStatePersistenceTests.swift */ = {isa = PBXFileReference; lastKnownFileType = sourcecode.swift; path = AppStatePersistenceTests.swift; sourceTree = "<group>"; };
		45550456792FF7DBC3289778 /* SearchBarTests.swift */ = {isa = PBXFileReference; lastKnownFileType = sourcecode.swift; path = SearchBarTests.swift; sourceTree = "<group>"; };
		45ABE1097F78F5F2D88C6ED6 /* ZedIPadTests.swift */ = {isa = PBXFileReference; lastKnownFileType = sourcecode.swift; path = ZedIPadTests.swift; sourceTree = "<group>"; };
		546C4301602323AA070F07FC /* MinimapView.swift */ = {isa = PBXFileReference; lastKnownFileType = sourcecode.swift; path = MinimapView.swift; sourceTree = "<group>"; };
		572D8E795FBDB8DD4ED0EA38 /* AppStateThemeTransitionTests.swift */ = {isa = PBXFileReference; lastKnownFileType = sourcecode.swift; path = AppStateThemeTransitionTests.swift; sourceTree = "<group>"; };
		5BEC84A54406B6FDFD48A55E /* SyntaxConsistencyTests.swift */ = {isa = PBXFileReference; lastKnownFileType = sourcecode.swift; path = SyntaxConsistencyTests.swift; sourceTree = "<group>"; };
		5E5169392D04E943F9B2A54C /* ZedIPadUITests.swift */ = {isa = PBXFileReference; lastKnownFileType = sourcecode.swift; path = ZedIPadUITests.swift; sourceTree = "<group>"; };
		60E5BD66882A90A08536D6D1 /* SampleFileContentTests.swift */ = {isa = PBXFileReference; lastKnownFileType = sourcecode.swift; path = SampleFileContentTests.swift; sourceTree = "<group>"; };
		61A2C2204AA7D50E09C43D18 /* HTMLCSSTests.swift */ = {isa = PBXFileReference; lastKnownFileType = sourcecode.swift; path = HTMLCSSTests.swift; sourceTree = "<group>"; };
		61EA73F47B511D5A25ACB96A /* StatusBarTests.swift */ = {isa = PBXFileReference; lastKnownFileType = sourcecode.swift; path = StatusBarTests.swift; sourceTree = "<group>"; };
		64D3D01EDFE66F20C52A79E8 /* StatusBar.swift */ = {isa = PBXFileReference; lastKnownFileType = sourcecode.swift; path = StatusBar.swift; sourceTree = "<group>"; };
		6812812B2E6DD1F62E47A82F /* AppWorkflowTests.swift */ = {isa = PBXFileReference; lastKnownFileType = sourcecode.swift; path = AppWorkflowTests.swift; sourceTree = "<group>"; };
		6A6B990F0C327F24843582A6 /* ZedIPadUITests.xctest */ = {isa = PBXFileReference; includeInIndex = 0; lastKnownFileType = wrapper.cfbundle; path = ZedIPadUITests.xctest; sourceTree = BUILT_PRODUCTS_DIR; };
		6DC2728F898E227391F701FC /* MiscModelTests.swift */ = {isa = PBXFileReference; lastKnownFileType = sourcecode.swift; path = MiscModelTests.swift; sourceTree = "<group>"; };
		6F9B0FAC05DC1D35AA9DCA54 /* AppState.swift */ = {isa = PBXFileReference; lastKnownFileType = sourcecode.swift; path = AppState.swift; sourceTree = "<group>"; };
		6FCDE519A82519B504D4A578 /* ZedThemeColorTests.swift */ = {isa = PBXFileReference; lastKnownFileType = sourcecode.swift; path = ZedThemeColorTests.swift; sourceTree = "<group>"; };
		726DED8829C8C98CE55EC5C3 /* BreadcrumbView.swift */ = {isa = PBXFileReference; lastKnownFileType = sourcecode.swift; path = BreadcrumbView.swift; sourceTree = "<group>"; };
		75493B44C98BA18098F448D8 /* ZedIPadApp.swift */ = {isa = PBXFileReference; lastKnownFileType = sourcecode.swift; path = ZedIPadApp.swift; sourceTree = "<group>"; };
		7E5635805377C6A34E00D91B /* SplitEditorView.swift */ = {isa = PBXFileReference; lastKnownFileType = sourcecode.swift; path = SplitEditorView.swift; sourceTree = "<group>"; };
		7F005B006706D355CCAA1757 /* TokenRangeTests.swift */ = {isa = PBXFileReference; lastKnownFileType = sourcecode.swift; path = TokenRangeTests.swift; sourceTree = "<group>"; };
		81C07753EFC99AC808CBBA62 /* Assets.xcassets */ = {isa = PBXFileReference; lastKnownFileType = folder.assetcatalog; path = Assets.xcassets; sourceTree = "<group>"; };
		8216CAE4066CDE5CE0E782BC /* AppStateExtendedTests.swift */ = {isa = PBXFileReference; lastKnownFileType = sourcecode.swift; path = AppStateExtendedTests.swift; sourceTree = "<group>"; };
		8262E3CEF14213A3440DF912 /* EditorView.swift */ = {isa = PBXFileReference; lastKnownFileType = sourcecode.swift; path = EditorView.swift; sourceTree = "<group>"; };
		861232D3A6E236B24FB58AF6 /* AppStateTests.swift */ = {isa = PBXFileReference; lastKnownFileType = sourcecode.swift; path = AppStateTests.swift; sourceTree = "<group>"; };
		89220F9BC186D04F72C08168 /* SyntaxHighlightingTextView.swift */ = {isa = PBXFileReference; lastKnownFileType = sourcecode.swift; path = SyntaxHighlightingTextView.swift; sourceTree = "<group>"; };
		90F7CF29CA5983D792C140B2 /* SyntaxHighlighterExtendedTests.swift */ = {isa = PBXFileReference; lastKnownFileType = sourcecode.swift; path = SyntaxHighlighterExtendedTests.swift; sourceTree = "<group>"; };
		9326D2D85F56F824FB542792 /* SQLTests.swift */ = {isa = PBXFileReference; lastKnownFileType = sourcecode.swift; path = SQLTests.swift; sourceTree = "<group>"; };
		97B75DA85C396A2A72E2407E /* ViewComponentTests.swift */ = {isa = PBXFileReference; lastKnownFileType = sourcecode.swift; path = ViewComponentTests.swift; sourceTree = "<group>"; };
		9882B4FED9350096456FE853 /* LanguageCoverageTests.swift */ = {isa = PBXFileReference; lastKnownFileType = sourcecode.swift; path = LanguageCoverageTests.swift; sourceTree = "<group>"; };
		9A6061B3D8B3DFD265B07D26 /* FileTreeExpansionTests.swift */ = {isa = PBXFileReference; lastKnownFileType = sourcecode.swift; path = FileTreeExpansionTests.swift; sourceTree = "<group>"; };
		9C2730516C350802B76ECE40 /* FileNode.swift */ = {isa = PBXFileReference; lastKnownFileType = sourcecode.swift; path = FileNode.swift; sourceTree = "<group>"; };
		9F2EC379AF130693A8AAC791 /* EdgeCaseTests.swift */ = {isa = PBXFileReference; lastKnownFileType = sourcecode.swift; path = EdgeCaseTests.swift; sourceTree = "<group>"; };
		9F6AF398A92CF8B02A786DF5 /* FileTreeTests.swift */ = {isa = PBXFileReference; lastKnownFileType = sourcecode.swift; path = FileTreeTests.swift; sourceTree = "<group>"; };
		A352C8D2EB39553EF1035FCD /* FindReplaceTests.swift */ = {isa = PBXFileReference; lastKnownFileType = sourcecode.swift; path = FindReplaceTests.swift; sourceTree = "<group>"; };
		A576771F239D7566794E9678 /* ColorExtensionTests.swift */ = {isa = PBXFileReference; lastKnownFileType = sourcecode.swift; path = ColorExtensionTests.swift; sourceTree = "<group>"; };
		A8F6757DE64A4DC288AA4E73 /* FindBar.swift */ = {isa = PBXFileReference; lastKnownFileType = sourcecode.swift; path = FindBar.swift; sourceTree = "<group>"; };
		ABD9868182765CDCFBBF7ED4 /* SplitEditorTests.swift */ = {isa = PBXFileReference; lastKnownFileType = sourcecode.swift; path = SplitEditorTests.swift; sourceTree = "<group>"; };
		ACC057E28CEB65864F8BA49E /* ZedIPad.app */ = {isa = PBXFileReference; includeInIndex = 0; lastKnownFileType = wrapper.application; path = ZedIPad.app; sourceTree = BUILT_PRODUCTS_DIR; };
		B0267F220B1112F84B48F882 /* EditorComponentTests.swift */ = {isa = PBXFileReference; lastKnownFileType = sourcecode.swift; path = EditorComponentTests.swift; sourceTree = "<group>"; };
		B0A7DF5C1324DCF808590712 /* ScalaLuaTests.swift */ = {isa = PBXFileReference; lastKnownFileType = sourcecode.swift; path = ScalaLuaTests.swift; sourceTree = "<group>"; };
		B67E46B495E25E6217FF25A3 /* ZedTheme.swift */ = {isa = PBXFileReference; lastKnownFileType = sourcecode.swift; path = ZedTheme.swift; sourceTree = "<group>"; };
		BA0130685F91B26A39682C02 /* FileSearchBar.swift */ = {isa = PBXFileReference; lastKnownFileType = sourcecode.swift; path = FileSearchBar.swift; sourceTree = "<group>"; };
		BFED5952CA220E850CABDD9A /* LandscapeUITests.swift */ = {isa = PBXFileReference; lastKnownFileType = sourcecode.swift; path = LandscapeUITests.swift; sourceTree = "<group>"; };
		C0827ADAAC9563AB5683E50D /* Info.plist */ = {isa = PBXFileReference; lastKnownFileType = text.plist; path = Info.plist; sourceTree = "<group>"; };
		C45D90C78DD5FA0CDCA67BB8 /* KeyboardShortcuts.swift */ = {isa = PBXFileReference; lastKnownFileType = sourcecode.swift; path = KeyboardShortcuts.swift; sourceTree = "<group>"; };
		C63D8AE544F9271FD2E86226 /* SyntaxHighlightRealWorldTests.swift */ = {isa = PBXFileReference; lastKnownFileType = sourcecode.swift; path = SyntaxHighlightRealWorldTests.swift; sourceTree = "<group>"; };
		CADC3E1F3F7F2D971502F60A /* DocumentPickerTests.swift */ = {isa = PBXFileReference; lastKnownFileType = sourcecode.swift; path = DocumentPickerTests.swift; sourceTree = "<group>"; };
		CCB718018C7C338627E0DC67 /* CCppTests.swift */ = {isa = PBXFileReference; lastKnownFileType = sourcecode.swift; path = CCppTests.swift; sourceTree = "<group>"; };
		CF27724BF6DA22447492E3EA /* MultiLanguageSyntaxTests.swift */ = {isa = PBXFileReference; lastKnownFileType = sourcecode.swift; path = MultiLanguageSyntaxTests.swift; sourceTree = "<group>"; };
		D11D1922AC9292E5A1E6A868 /* CommandPaletteView.swift */ = {isa = PBXFileReference; lastKnownFileType = sourcecode.swift; path = CommandPaletteView.swift; sourceTree = "<group>"; };
		D755FDC7B0C92E414FA40AF2 /* ThemeTests.swift */ = {isa = PBXFileReference; lastKnownFileType = sourcecode.swift; path = ThemeTests.swift; sourceTree = "<group>"; };
		DA9B05721C6DB6EC2809846F /* PHPRTests.swift */ = {isa = PBXFileReference; lastKnownFileType = sourcecode.swift; path = PHPRTests.swift; sourceTree = "<group>"; };
		DB5AF4F94B292CC1EEB5D056 /* FindStateAdvancedTests.swift */ = {isa = PBXFileReference; lastKnownFileType = sourcecode.swift; path = FindStateAdvancedTests.swift; sourceTree = "<group>"; };
		DE76762D650856FE7B729F35 /* GoKotlinTests.swift */ = {isa = PBXFileReference; lastKnownFileType = sourcecode.swift; path = GoKotlinTests.swift; sourceTree = "<group>"; };
		DF000595E45B7926ED07C247 /* StringProcessingTests.swift */ = {isa = PBXFileReference; lastKnownFileType = sourcecode.swift; path = StringProcessingTests.swift; sourceTree = "<group>"; };
		E129C993E55053B5B59FC46D /* ConcurrencyTests.swift */ = {isa = PBXFileReference; lastKnownFileType = sourcecode.swift; path = ConcurrencyTests.swift; sourceTree = "<group>"; };
		E200225B65C9C833B48D47A2 /* WelcomeView.swift */ = {isa = PBXFileReference; lastKnownFileType = sourcecode.swift; path = WelcomeView.swift; sourceTree = "<group>"; };
		EE5284868E370B48D6FF77BB /* GoToLineView.swift */ = {isa = PBXFileReference; lastKnownFileType = sourcecode.swift; path = GoToLineView.swift; sourceTree = "<group>"; };
		F2A780289895491B0F15B073 /* RootView.swift */ = {isa = PBXFileReference; lastKnownFileType = sourcecode.swift; path = RootView.swift; sourceTree = "<group>"; };
		FC2DBE2019E07B58A13D7932 /* IntegrationTests.swift */ = {isa = PBXFileReference; lastKnownFileType = sourcecode.swift; path = IntegrationTests.swift; sourceTree = "<group>"; };
/* End PBXFileReference section */

/* Begin PBXGroup section */
		36F7FE7CDAF15D6758589BB0 /* FileTree */ = {
			isa = PBXGroup;
			children = (
				388D1D409E28B30889632BAA /* DocumentPicker.swift */,
				BA0130685F91B26A39682C02 /* FileSearchBar.swift */,
				31317BE6864153C6C9217FAD /* FileTreeView.swift */,
			);
			path = FileTree;
			sourceTree = "<group>";
		};
		386DDEC57EC00C2332B2409B /* ZedIPad */ = {
			isa = PBXGroup;
			children = (
				81C07753EFC99AC808CBBA62 /* Assets.xcassets */,
				5CC9E107987450242EE6692D /* App */,
				E4DF395A0399A635384384C7 /* Editor */,
				36F7FE7CDAF15D6758589BB0 /* FileTree */,
				98AB5C7371A2E08236BC9CAE /* Models */,
				A2E705E36DBC06B56C4E4A3E /* Search */,
				6D2CE72FDF189CE34AEE9CB6 /* Theme */,
			);
			path = ZedIPad;
			sourceTree = "<group>";
		};
		5CC9E107987450242EE6692D /* App */ = {
			isa = PBXGroup;
			children = (
				D11D1922AC9292E5A1E6A868 /* CommandPaletteView.swift */,
				C0827ADAAC9563AB5683E50D /* Info.plist */,
				C45D90C78DD5FA0CDCA67BB8 /* KeyboardShortcuts.swift */,
				F2A780289895491B0F15B073 /* RootView.swift */,
				E200225B65C9C833B48D47A2 /* WelcomeView.swift */,
				75493B44C98BA18098F448D8 /* ZedIPadApp.swift */,
			);
			path = App;
			sourceTree = "<group>";
		};
		6D2CE72FDF189CE34AEE9CB6 /* Theme */ = {
			isa = PBXGroup;
			children = (
				B67E46B495E25E6217FF25A3 /* ZedTheme.swift */,
			);
			path = Theme;
			sourceTree = "<group>";
		};
		93DD48D57D1980D5F1E56C15 /* ZedIPadUITests */ = {
			isa = PBXGroup;
			children = (
				BFED5952CA220E850CABDD9A /* LandscapeUITests.swift */,
				5E5169392D04E943F9B2A54C /* ZedIPadUITests.swift */,
			);
			path = ZedIPadUITests;
			sourceTree = "<group>";
		};
		98AB5C7371A2E08236BC9CAE /* Models */ = {
			isa = PBXGroup;
			children = (
				6F9B0FAC05DC1D35AA9DCA54 /* AppState.swift */,
				9C2730516C350802B76ECE40 /* FileNode.swift */,
			);
			path = Models;
			sourceTree = "<group>";
		};
		A2E705E36DBC06B56C4E4A3E /* Search */ = {
			isa = PBXGroup;
			children = (
				A8F6757DE64A4DC288AA4E73 /* FindBar.swift */,
			);
			path = Search;
			sourceTree = "<group>";
		};
		D272D8CB37885F8232C4E4A8 /* Products */ = {
			isa = PBXGroup;
			children = (
				ACC057E28CEB65864F8BA49E /* ZedIPad.app */,
				35B3679791F38488595D3B45 /* ZedIPadTests.xctest */,
				6A6B990F0C327F24843582A6 /* ZedIPadUITests.xctest */,
			);
			name = Products;
			sourceTree = "<group>";
		};
		E4DF395A0399A635384384C7 /* Editor */ = {
			isa = PBXGroup;
			children = (
				726DED8829C8C98CE55EC5C3 /* BreadcrumbView.swift */,
				8262E3CEF14213A3440DF912 /* EditorView.swift */,
				EE5284868E370B48D6FF77BB /* GoToLineView.swift */,
				546C4301602323AA070F07FC /* MinimapView.swift */,
				7E5635805377C6A34E00D91B /* SplitEditorView.swift */,
				64D3D01EDFE66F20C52A79E8 /* StatusBar.swift */,
				16A020E50F16B36CC347369F /* SyntaxHighlighter.swift */,
				89220F9BC186D04F72C08168 /* SyntaxHighlightingTextView.swift */,
			);
			path = Editor;
			sourceTree = "<group>";
		};
		E8EE3B4AC09915040777CA97 = {
			isa = PBXGroup;
			children = (
				386DDEC57EC00C2332B2409B /* ZedIPad */,
				EBE537289F554A8B75786E37 /* ZedIPadTests */,
				93DD48D57D1980D5F1E56C15 /* ZedIPadUITests */,
				D272D8CB37885F8232C4E4A8 /* Products */,
			);
			sourceTree = "<group>";
		};
		EBE537289F554A8B75786E37 /* ZedIPadTests */ = {
			isa = PBXGroup;
			children = (
				019E644947D1D05F5AE9B48C /* AllLanguagesTests.swift */,
				8216CAE4066CDE5CE0E782BC /* AppStateExtendedTests.swift */,
				3BCBD03F7372D83A1E9C51A7 /* AppStatePersistenceTests.swift */,
				861232D3A6E236B24FB58AF6 /* AppStateTests.swift */,
				572D8E795FBDB8DD4ED0EA38 /* AppStateThemeTransitionTests.swift */,
				6812812B2E6DD1F62E47A82F /* AppWorkflowTests.swift */,
				CCB718018C7C338627E0DC67 /* CCppTests.swift */,
				A576771F239D7566794E9678 /* ColorExtensionTests.swift */,
				E129C993E55053B5B59FC46D /* ConcurrencyTests.swift */,
				CADC3E1F3F7F2D971502F60A /* DocumentPickerTests.swift */,
				9F2EC379AF130693A8AAC791 /* EdgeCaseTests.swift */,
				B0267F220B1112F84B48F882 /* EditorComponentTests.swift */,
				1CCDB156C4C21D395BD08F88 /* FileNodeUtilityTests.swift */,
				1D744373156559C5BE3661D4 /* FileSearchTests.swift */,
				9A6061B3D8B3DFD265B07D26 /* FileTreeExpansionTests.swift */,
				9F6AF398A92CF8B02A786DF5 /* FileTreeTests.swift */,
				32C64BBCA97299A84C2D71CE /* FindReplaceEdgeCaseTests.swift */,
				A352C8D2EB39553EF1035FCD /* FindReplaceTests.swift */,
				DB5AF4F94B292CC1EEB5D056 /* FindStateAdvancedTests.swift */,
				DE76762D650856FE7B729F35 /* GoKotlinTests.swift */,
				3779077B7AB382FC732E3509 /* GoToLineTests.swift */,
				25E79CF13A25E91893931A4C /* HighlightCorrectnessTests.swift */,
				61A2C2204AA7D50E09C43D18 /* HTMLCSSTests.swift */,
				FC2DBE2019E07B58A13D7932 /* IntegrationTests.swift */,
				9882B4FED9350096456FE853 /* LanguageCoverageTests.swift */,
				6DC2728F898E227391F701FC /* MiscModelTests.swift */,
				CF27724BF6DA22447492E3EA /* MultiLanguageSyntaxTests.swift */,
				DA9B05721C6DB6EC2809846F /* PHPRTests.swift */,
				60E5BD66882A90A08536D6D1 /* SampleFileContentTests.swift */,
				B0A7DF5C1324DCF808590712 /* ScalaLuaTests.swift */,
				45550456792FF7DBC3289778 /* SearchBarTests.swift */,
				ABD9868182765CDCFBBF7ED4 /* SplitEditorTests.swift */,
				9326D2D85F56F824FB542792 /* SQLTests.swift */,
				37012C988381A0F061BBCB9A /* StatusBarExtendedTests.swift */,
				61EA73F47B511D5A25ACB96A /* StatusBarTests.swift */,
				DF000595E45B7926ED07C247 /* StringProcessingTests.swift */,
				5BEC84A54406B6FDFD48A55E /* SyntaxConsistencyTests.swift */,
				90F7CF29CA5983D792C140B2 /* SyntaxHighlighterExtendedTests.swift */,
				C63D8AE544F9271FD2E86226 /* SyntaxHighlightRealWorldTests.swift */,
				D755FDC7B0C92E414FA40AF2 /* ThemeTests.swift */,
				19A21D2ED2D4CC8260672D16 /* TokenColorMappingTests.swift */,
				7F005B006706D355CCAA1757 /* TokenRangeTests.swift */,
				97B75DA85C396A2A72E2407E /* ViewComponentTests.swift */,
				45ABE1097F78F5F2D88C6ED6 /* ZedIPadTests.swift */,
				6FCDE519A82519B504D4A578 /* ZedThemeColorTests.swift */,
			);
			path = ZedIPadTests;
			sourceTree = "<group>";
		};
/* End PBXGroup section */

/* Begin PBXNativeTarget section */
		3ECC2E5C6AD0AACFE834C070 /* ZedIPadTests */ = {
			isa = PBXNativeTarget;
			buildConfigurationList = ED2577B7D41CB94E7905D61F /* Build configuration list for PBXNativeTarget "ZedIPadTests" */;
			buildPhases = (
				0E47EBF1C003A28FF74C37E8 /* Sources */,
			);
			buildRules = (
			);
			dependencies = (
				E5321AE97144F3B48B30B2B1 /* PBXTargetDependency */,
			);
			name = ZedIPadTests;
			packageProductDependencies = (
			);
			productName = ZedIPadTests;
			productReference = 35B3679791F38488595D3B45 /* ZedIPadTests.xctest */;
			productType = "com.apple.product-type.bundle.unit-test";
		};
		996B7BBDB58E7EEDFB365060 /* ZedIPadUITests */ = {
			isa = PBXNativeTarget;
			buildConfigurationList = 721D89D68192F8D3D2CB0A35 /* Build configuration list for PBXNativeTarget "ZedIPadUITests" */;
			buildPhases = (
				2917B00EDCDF8E17F23FB049 /* Sources */,
			);
			buildRules = (
			);
			dependencies = (
				FA04B8BF18E1EF44D9FE5433 /* PBXTargetDependency */,
			);
			name = ZedIPadUITests;
			packageProductDependencies = (
			);
			productName = ZedIPadUITests;
			productReference = 6A6B990F0C327F24843582A6 /* ZedIPadUITests.xctest */;
			productType = "com.apple.product-type.bundle.ui-testing";
		};
		B4AAD97A73BF55997260CF3E /* ZedIPad */ = {
			isa = PBXNativeTarget;
			buildConfigurationList = 0E487898D13F32A8C3B02307 /* Build configuration list for PBXNativeTarget "ZedIPad" */;
			buildPhases = (
				6289340363E3719B5248C4DA /* Sources */,
				784C37F2C4C0402D8440FCCC /* Resources */,
			);
			buildRules = (
			);
			dependencies = (
			);
			name = ZedIPad;
			packageProductDependencies = (
			);
			productName = ZedIPad;
			productReference = ACC057E28CEB65864F8BA49E /* ZedIPad.app */;
			productType = "com.apple.product-type.application";
		};
/* End PBXNativeTarget section */

/* Begin PBXProject section */
		428014060A3031FEA805512A /* Project object */ = {
			isa = PBXProject;
			attributes = {
				BuildIndependentTargetsInParallel = YES;
				LastUpgradeCheck = 1430;
				TargetAttributes = {
					3ECC2E5C6AD0AACFE834C070 = {
						DevelopmentTeam = "";
					};
					996B7BBDB58E7EEDFB365060 = {
						DevelopmentTeam = "";
						TestTargetID = B4AAD97A73BF55997260CF3E;
					};
					B4AAD97A73BF55997260CF3E = {
						DevelopmentTeam = "";
					};
				};
			};
			buildConfigurationList = C0DFA6770D043CC88941D8F0 /* Build configuration list for PBXProject "ZedIPad" */;
			developmentRegion = en;
			hasScannedForEncodings = 0;
			knownRegions = (
				Base,
				en,
			);
			mainGroup = E8EE3B4AC09915040777CA97;
			minimizedProjectReferenceProxies = 1;
			preferredProjectObjectVersion = 77;
			productRefGroup = D272D8CB37885F8232C4E4A8 /* Products */;
			projectDirPath = "";
			projectRoot = "";
			targets = (
				B4AAD97A73BF55997260CF3E /* ZedIPad */,
				3ECC2E5C6AD0AACFE834C070 /* ZedIPadTests */,
				996B7BBDB58E7EEDFB365060 /* ZedIPadUITests */,
			);
		};
/* End PBXProject section */

/* Begin PBXResourcesBuildPhase section */
		784C37F2C4C0402D8440FCCC /* Resources */ = {
			isa = PBXResourcesBuildPhase;
			buildActionMask = 2147483647;
			files = (
				638D023EFE19440A2EA2050A /* Assets.xcassets in Resources */,
			);
			runOnlyForDeploymentPostprocessing = 0;
		};
/* End PBXResourcesBuildPhase section */

/* Begin PBXSourcesBuildPhase section */
		0E47EBF1C003A28FF74C37E8 /* Sources */ = {
			isa = PBXSourcesBuildPhase;
			buildActionMask = 2147483647;
			files = (
				EB1A5C889685D7CD836AA2B1 /* AllLanguagesTests.swift in Sources */,
				3E4833058ADE233559478114 /* AppStateExtendedTests.swift in Sources */,
				1D4471A40C5E77F4F23843A3 /* AppStatePersistenceTests.swift in Sources */,
				B6FED1FF882A52BBB2A539DE /* AppStateTests.swift in Sources */,
				5B54DB763EFBF6231027C663 /* AppStateThemeTransitionTests.swift in Sources */,
				9A7426C686688CABF5D5229D /* AppWorkflowTests.swift in Sources */,
				114A3CB2F291DD750906FD2A /* CCppTests.swift in Sources */,
				56C2571637B99E66AD9E84AB /* ColorExtensionTests.swift in Sources */,
				EF6B78D792CD69008B876CFB /* ConcurrencyTests.swift in Sources */,
				8E34E7220826EECF5C7E35A0 /* DocumentPickerTests.swift in Sources */,
				6C9851252707799004A91E08 /* EdgeCaseTests.swift in Sources */,
				638D65F1A4F4D4B6C8E18A26 /* EditorComponentTests.swift in Sources */,
				F4DD54473982B581F6277A62 /* FileNodeUtilityTests.swift in Sources */,
				F85ACE61F9FDF27E55578104 /* FileSearchTests.swift in Sources */,
				3E1EDEC2B760E3B069D81AAC /* FileTreeExpansionTests.swift in Sources */,
				AB7208E455509A7933941ECE /* FileTreeTests.swift in Sources */,
				2598CCBC105F2254E8001772 /* FindReplaceEdgeCaseTests.swift in Sources */,
				86D7DDEEFDA9AF1C0CC6070D /* FindReplaceTests.swift in Sources */,
				33DD1B3F38DAA8EAE7EFE07E /* FindStateAdvancedTests.swift in Sources */,
				90A91BC3DAC9B232BECFE388 /* GoKotlinTests.swift in Sources */,
				539C97C2430FD1FB3360E0A6 /* GoToLineTests.swift in Sources */,
				298760A6D91E241CFE6A00B5 /* HTMLCSSTests.swift in Sources */,
				6D1F7258A929CD28B875FD60 /* HighlightCorrectnessTests.swift in Sources */,
				72DCA54AB25AF61F260C4E12 /* IntegrationTests.swift in Sources */,
				3CAB3E8A014F0ED1CB0F7046 /* LanguageCoverageTests.swift in Sources */,
				426DE6A6515D6D10F239F5CE /* MiscModelTests.swift in Sources */,
				09E0E3E31120C6B35CF70F06 /* MultiLanguageSyntaxTests.swift in Sources */,
				BEBF7DB948C85C3DA42C953D /* PHPRTests.swift in Sources */,
				4710290455E261DE0E6D83A0 /* SQLTests.swift in Sources */,
				113C1224BD078F8E08D910CA /* SampleFileContentTests.swift in Sources */,
				5976C6BFDFFC3574390E4519 /* ScalaLuaTests.swift in Sources */,
				944A0F66657428D493B4066D /* SearchBarTests.swift in Sources */,
				261A7ADBD4FBBB49A6053FD0 /* SplitEditorTests.swift in Sources */,
				950B01987FB7434D13A62BF8 /* StatusBarExtendedTests.swift in Sources */,
				FC9059566C5D51191D7CE3FB /* StatusBarTests.swift in Sources */,
				B6EB1FF14AFA754C3B855907 /* StringProcessingTests.swift in Sources */,
				DD65E1060E0E57459B5C4350 /* SyntaxConsistencyTests.swift in Sources */,
				E7DBA32D977D629924B092B6 /* SyntaxHighlightRealWorldTests.swift in Sources */,
				BCA33A2B70F6B18C3D186D76 /* SyntaxHighlighterExtendedTests.swift in Sources */,
				7DACB7B0A44FB83CD22CD9B9 /* ThemeTests.swift in Sources */,
				0BD71F3A5034D4590FF88099 /* TokenColorMappingTests.swift in Sources */,
				CF5ACF8F07FC198AF4D3A2EB /* TokenRangeTests.swift in Sources */,
				8E94C0DDDA1E45799E221833 /* ViewComponentTests.swift in Sources */,
				D010B57E16CA4878E94073D7 /* ZedIPadTests.swift in Sources */,
				53B6809B99DE478761E26A51 /* ZedThemeColorTests.swift in Sources */,
			);
			runOnlyForDeploymentPostprocessing = 0;
		};
		2917B00EDCDF8E17F23FB049 /* Sources */ = {
			isa = PBXSourcesBuildPhase;
			buildActionMask = 2147483647;
			files = (
				E4BED900F68681969466F422 /* LandscapeUITests.swift in Sources */,
				4C86AB1A000A6BC67BC66D24 /* ZedIPadUITests.swift in Sources */,
			);
			runOnlyForDeploymentPostprocessing = 0;
		};
		6289340363E3719B5248C4DA /* Sources */ = {
			isa = PBXSourcesBuildPhase;
			buildActionMask = 2147483647;
			files = (
				81AB21F25F7EC6504580641F /* AppState.swift in Sources */,
				CA8C4804A4C368173ED3CBE6 /* BreadcrumbView.swift in Sources */,
				0D82851B81E88C0E8E54F23D /* CommandPaletteView.swift in Sources */,
				7A3AA2A7873CCD8AF62337CD /* DocumentPicker.swift in Sources */,
				2482F8B4235A057E6E344027 /* EditorView.swift in Sources */,
				443EF3BFC4DD389A4C80E132 /* FileNode.swift in Sources */,
				3E73B33F8BA24CF186C99A5B /* FileSearchBar.swift in Sources */,
				18F3AA8F0CBE1662F4BBC29D /* FileTreeView.swift in Sources */,
				C6B0A2BA6343BB85C8139450 /* FindBar.swift in Sources */,
				554E69EC647EA96C65E4310A /* GoToLineView.swift in Sources */,
				EB654C113F9AD4CB74926B68 /* KeyboardShortcuts.swift in Sources */,
				06F679DF59FDD5A713B88B21 /* MinimapView.swift in Sources */,
				349198853B4115EE9C2F8385 /* RootView.swift in Sources */,
				79A3F653B18384C6A540C578 /* SplitEditorView.swift in Sources */,
				BB7408102C38A671495FA79B /* StatusBar.swift in Sources */,
				8253663503A53BE96A1C7233 /* SyntaxHighlighter.swift in Sources */,
				B9BE48018BE20427A2348A14 /* SyntaxHighlightingTextView.swift in Sources */,
				7B674F021E269F627A6D7B9B /* WelcomeView.swift in Sources */,
				4A754D924AA04930C65C7104 /* ZedIPadApp.swift in Sources */,
				A866823054B6B14DB981EE35 /* ZedTheme.swift in Sources */,
			);
			runOnlyForDeploymentPostprocessing = 0;
		};
/* End PBXSourcesBuildPhase section */

/* Begin PBXTargetDependency section */
		E5321AE97144F3B48B30B2B1 /* PBXTargetDependency */ = {
			isa = PBXTargetDependency;
			target = B4AAD97A73BF55997260CF3E /* ZedIPad */;
			targetProxy = AD971D05C03498ECDCFA5A14 /* PBXContainerItemProxy */;
		};
		FA04B8BF18E1EF44D9FE5433 /* PBXTargetDependency */ = {
			isa = PBXTargetDependency;
			target = B4AAD97A73BF55997260CF3E /* ZedIPad */;
			targetProxy = DD9ED82C95DCFBD5924C3E3F /* PBXContainerItemProxy */;
		};
/* End PBXTargetDependency section */

/* Begin XCBuildConfiguration section */
		4FD45BCBED805804E1C7C016 /* Debug */ = {
			isa = XCBuildConfiguration;
			buildSettings = {
				ASSETCATALOG_COMPILER_APPICON_NAME = AppIcon;
				CODE_SIGN_IDENTITY = "iPhone Developer";
				INFOPLIST_FILE = ZedIPad/App/Info.plist;
				IPHONEOS_DEPLOYMENT_TARGET = 18.0;
				LD_RUNPATH_SEARCH_PATHS = (
					"$(inherited)",
					"@executable_path/Frameworks",
				);
				PRODUCT_BUNDLE_IDENTIFIER = com.zedipad.app;
				SDKROOT = iphoneos;
				SWIFT_STRICT_CONCURRENCY = minimal;
				TARGETED_DEVICE_FAMILY = "1,2";
			};
			name = Debug;
		};
		89F54FD7B0D5493FECA39B2F /* Debug */ = {
			isa = XCBuildConfiguration;
			buildSettings = {
				ALWAYS_SEARCH_USER_PATHS = NO;
				CLANG_ANALYZER_NONNULL = YES;
				CLANG_ANALYZER_NUMBER_OBJECT_CONVERSION = YES_AGGRESSIVE;
				CLANG_CXX_LANGUAGE_STANDARD = "gnu++14";
				CLANG_CXX_LIBRARY = "libc++";
				CLANG_ENABLE_MODULES = YES;
				CLANG_ENABLE_OBJC_ARC = YES;
				CLANG_ENABLE_OBJC_WEAK = YES;
				CLANG_WARN_BLOCK_CAPTURE_AUTORELEASING = YES;
				CLANG_WARN_BOOL_CONVERSION = YES;
				CLANG_WARN_COMMA = YES;
				CLANG_WARN_CONSTANT_CONVERSION = YES;
				CLANG_WARN_DEPRECATED_OBJC_IMPLEMENTATIONS = YES;
				CLANG_WARN_DIRECT_OBJC_ISA_USAGE = YES_ERROR;
				CLANG_WARN_DOCUMENTATION_COMMENTS = YES;
				CLANG_WARN_EMPTY_BODY = YES;
				CLANG_WARN_ENUM_CONVERSION = YES;
				CLANG_WARN_INFINITE_RECURSION = YES;
				CLANG_WARN_INT_CONVERSION = YES;
				CLANG_WARN_NON_LITERAL_NULL_CONVERSION = YES;
				CLANG_WARN_OBJC_IMPLICIT_RETAIN_SELF = YES;
				CLANG_WARN_OBJC_LITERAL_CONVERSION = YES;
				CLANG_WARN_OBJC_ROOT_CLASS = YES_ERROR;
				CLANG_WARN_QUOTED_INCLUDE_IN_FRAMEWORK_HEADER = YES;
				CLANG_WARN_RANGE_LOOP_ANALYSIS = YES;
				CLANG_WARN_STRICT_PROTOTYPES = YES;
				CLANG_WARN_SUSPICIOUS_MOVE = YES;
				CLANG_WARN_UNGUARDED_AVAILABILITY = YES_AGGRESSIVE;
				CLANG_WARN_UNREACHABLE_CODE = YES;
				CLANG_WARN__DUPLICATE_METHOD_MATCH = YES;
				CODE_SIGNING_ALLOWED = NO;
				CODE_SIGNING_REQUIRED = NO;
				CODE_SIGN_IDENTITY = "";
				COPY_PHASE_STRIP = NO;
				DEBUG_INFORMATION_FORMAT = dwarf;
				DEVELOPMENT_TEAM = "";
				ENABLE_STRICT_OBJC_MSGSEND = YES;
				ENABLE_TESTABILITY = YES;
				GCC_C_LANGUAGE_STANDARD = gnu11;
				GCC_DYNAMIC_NO_PIC = NO;
				GCC_NO_COMMON_BLOCKS = YES;
				GCC_OPTIMIZATION_LEVEL = 0;
				GCC_PREPROCESSOR_DEFINITIONS = (
					"$(inherited)",
					"DEBUG=1",
				);
				GCC_WARN_64_TO_32_BIT_CONVERSION = YES;
				GCC_WARN_ABOUT_RETURN_TYPE = YES_ERROR;
				GCC_WARN_UNDECLARED_SELECTOR = YES;
				GCC_WARN_UNINITIALIZED_AUTOS = YES_AGGRESSIVE;
				GCC_WARN_UNUSED_FUNCTION = YES;
				GCC_WARN_UNUSED_VARIABLE = YES;
				IPHONEOS_DEPLOYMENT_TARGET = 18.0;
				MTL_ENABLE_DEBUG_INFO = INCLUDE_SOURCE;
				MTL_FAST_MATH = YES;
				ONLY_ACTIVE_ARCH = YES;
				PRODUCT_NAME = "$(TARGET_NAME)";
				SDKROOT = iphoneos;
				SUPPORTS_MACCATALYST = NO;
				SWIFT_ACTIVE_COMPILATION_CONDITIONS = DEBUG;
				SWIFT_OPTIMIZATION_LEVEL = "-Onone";
				SWIFT_VERSION = 6.0;
				TARGETED_DEVICE_FAMILY = 2;
			};
			name = Debug;
		};
		9A3D2FC238F66B9DAE6B3734 /* Release */ = {
			isa = XCBuildConfiguration;
			buildSettings = {
				BUNDLE_LOADER = "$(TEST_HOST)";
				IPHONEOS_DEPLOYMENT_TARGET = 18.0;
				LD_RUNPATH_SEARCH_PATHS = (
					"$(inherited)",
					"@executable_path/Frameworks",
					"@loader_path/Frameworks",
				);
				PRODUCT_BUNDLE_IDENTIFIER = com.zedipad.uitests;
				SDKROOT = iphoneos;
				TARGETED_DEVICE_FAMILY = "1,2";
				TEST_TARGET_NAME = ZedIPad;
			};
			name = Release;
		};
		A1FE9662E6D20392ECB919C5 /* Debug */ = {
			isa = XCBuildConfiguration;
			buildSettings = {
				BUNDLE_LOADER = "$(TEST_HOST)";
				IPHONEOS_DEPLOYMENT_TARGET = 18.0;
				LD_RUNPATH_SEARCH_PATHS = (
					"$(inherited)",
					"@executable_path/Frameworks",
					"@loader_path/Frameworks",
				);
				PRODUCT_BUNDLE_IDENTIFIER = com.zedipad.uitests;
				SDKROOT = iphoneos;
				TARGETED_DEVICE_FAMILY = "1,2";
				TEST_TARGET_NAME = ZedIPad;
			};
			name = Debug;
		};
		A4764B585150D3BFA41E7BD8 /* Debug */ = {
			isa = XCBuildConfiguration;
			buildSettings = {
				BUNDLE_LOADER = "$(TEST_HOST)";
				IPHONEOS_DEPLOYMENT_TARGET = 18.0;
				LD_RUNPATH_SEARCH_PATHS = (
					"$(inherited)",
					"@executable_path/Frameworks",
					"@loader_path/Frameworks",
				);
				PRODUCT_BUNDLE_IDENTIFIER = com.zedipad.tests;
				SDKROOT = iphoneos;
				TARGETED_DEVICE_FAMILY = "1,2";
				TEST_HOST = "$(BUILT_PRODUCTS_DIR)/ZedIPad.app/ZedIPad";
			};
			name = Debug;
		};
		B453EFDC5506605FB8FFE2F0 /* Release */ = {
			isa = XCBuildConfiguration;
			buildSettings = {
				ASSETCATALOG_COMPILER_APPICON_NAME = AppIcon;
				CODE_SIGN_IDENTITY = "iPhone Developer";
				INFOPLIST_FILE = ZedIPad/App/Info.plist;
				IPHONEOS_DEPLOYMENT_TARGET = 18.0;
				LD_RUNPATH_SEARCH_PATHS = (
					"$(inherited)",
					"@executable_path/Frameworks",
				);
				PRODUCT_BUNDLE_IDENTIFIER = com.zedipad.app;
				SDKROOT = iphoneos;
				SWIFT_STRICT_CONCURRENCY = minimal;
				TARGETED_DEVICE_FAMILY = "1,2";
			};
			name = Release;
		};
		BEFCAFB591ADDF152298A6BF /* Release */ = {
			isa = XCBuildConfiguration;
			buildSettings = {
				BUNDLE_LOADER = "$(TEST_HOST)";
				IPHONEOS_DEPLOYMENT_TARGET = 18.0;
				LD_RUNPATH_SEARCH_PATHS = (
					"$(inherited)",
					"@executable_path/Frameworks",
					"@loader_path/Frameworks",
				);
				PRODUCT_BUNDLE_IDENTIFIER = com.zedipad.tests;
				SDKROOT = iphoneos;
				TARGETED_DEVICE_FAMILY = "1,2";
				TEST_HOST = "$(BUILT_PRODUCTS_DIR)/ZedIPad.app/ZedIPad";
			};
			name = Release;
		};
		F5E531721A20BA769670C32D /* Release */ = {
			isa = XCBuildConfiguration;
			buildSettings = {
				ALWAYS_SEARCH_USER_PATHS = NO;
				CLANG_ANALYZER_NONNULL = YES;
				CLANG_ANALYZER_NUMBER_OBJECT_CONVERSION = YES_AGGRESSIVE;
				CLANG_CXX_LANGUAGE_STANDARD = "gnu++14";
				CLANG_CXX_LIBRARY = "libc++";
				CLANG_ENABLE_MODULES = YES;
				CLANG_ENABLE_OBJC_ARC = YES;
				CLANG_ENABLE_OBJC_WEAK = YES;
				CLANG_WARN_BLOCK_CAPTURE_AUTORELEASING = YES;
				CLANG_WARN_BOOL_CONVERSION = YES;
				CLANG_WARN_COMMA = YES;
				CLANG_WARN_CONSTANT_CONVERSION = YES;
				CLANG_WARN_DEPRECATED_OBJC_IMPLEMENTATIONS = YES;
				CLANG_WARN_DIRECT_OBJC_ISA_USAGE = YES_ERROR;
				CLANG_WARN_DOCUMENTATION_COMMENTS = YES;
				CLANG_WARN_EMPTY_BODY = YES;
				CLANG_WARN_ENUM_CONVERSION = YES;
				CLANG_WARN_INFINITE_RECURSION = YES;
				CLANG_WARN_INT_CONVERSION = YES;
				CLANG_WARN_NON_LITERAL_NULL_CONVERSION = YES;
				CLANG_WARN_OBJC_IMPLICIT_RETAIN_SELF = YES;
				CLANG_WARN_OBJC_LITERAL_CONVERSION = YES;
				CLANG_WARN_OBJC_ROOT_CLASS = YES_ERROR;
				CLANG_WARN_QUOTED_INCLUDE_IN_FRAMEWORK_HEADER = YES;
				CLANG_WARN_RANGE_LOOP_ANALYSIS = YES;
				CLANG_WARN_STRICT_PROTOTYPES = YES;
				CLANG_WARN_SUSPICIOUS_MOVE = YES;
				CLANG_WARN_UNGUARDED_AVAILABILITY = YES_AGGRESSIVE;
				CLANG_WARN_UNREACHABLE_CODE = YES;
				CLANG_WARN__DUPLICATE_METHOD_MATCH = YES;
				CODE_SIGNING_ALLOWED = NO;
				CODE_SIGNING_REQUIRED = NO;
				CODE_SIGN_IDENTITY = "";
				COPY_PHASE_STRIP = NO;
				DEBUG_INFORMATION_FORMAT = "dwarf-with-dsym";
				DEVELOPMENT_TEAM = "";
				ENABLE_NS_ASSERTIONS = NO;
				ENABLE_STRICT_OBJC_MSGSEND = YES;
				GCC_C_LANGUAGE_STANDARD = gnu11;
				GCC_NO_COMMON_BLOCKS = YES;
				GCC_WARN_64_TO_32_BIT_CONVERSION = YES;
				GCC_WARN_ABOUT_RETURN_TYPE = YES_ERROR;
				GCC_WARN_UNDECLARED_SELECTOR = YES;
				GCC_WARN_UNINITIALIZED_AUTOS = YES_AGGRESSIVE;
				GCC_WARN_UNUSED_FUNCTION = YES;
				GCC_WARN_UNUSED_VARIABLE = YES;
				IPHONEOS_DEPLOYMENT_TARGET = 18.0;
				MTL_ENABLE_DEBUG_INFO = NO;
				MTL_FAST_MATH = YES;
				PRODUCT_NAME = "$(TARGET_NAME)";
				SDKROOT = iphoneos;
				SUPPORTS_MACCATALYST = NO;
				SWIFT_COMPILATION_MODE = wholemodule;
				SWIFT_OPTIMIZATION_LEVEL = "-O";
				SWIFT_VERSION = 6.0;
				TARGETED_DEVICE_FAMILY = 2;
			};
			name = Release;
		};
/* End XCBuildConfiguration section */

/* Begin XCConfigurationList section */
		0E487898D13F32A8C3B02307 /* Build configuration list for PBXNativeTarget "ZedIPad" */ = {
			isa = XCConfigurationList;
			buildConfigurations = (
				4FD45BCBED805804E1C7C016 /* Debug */,
				B453EFDC5506605FB8FFE2F0 /* Release */,
			);
			defaultConfigurationIsVisible = 0;
			defaultConfigurationName = Debug;
		};
		721D89D68192F8D3D2CB0A35 /* Build configuration list for PBXNativeTarget "ZedIPadUITests" */ = {
			isa = XCConfigurationList;
			buildConfigurations = (
				A1FE9662E6D20392ECB919C5 /* Debug */,
				9A3D2FC238F66B9DAE6B3734 /* Release */,
			);
			defaultConfigurationIsVisible = 0;
			defaultConfigurationName = Debug;
		};
		C0DFA6770D043CC88941D8F0 /* Build configuration list for PBXProject "ZedIPad" */ = {
			isa = XCConfigurationList;
			buildConfigurations = (
				89F54FD7B0D5493FECA39B2F /* Debug */,
				F5E531721A20BA769670C32D /* Release */,
			);
			defaultConfigurationIsVisible = 0;
			defaultConfigurationName = Debug;
		};
		ED2577B7D41CB94E7905D61F /* Build configuration list for PBXNativeTarget "ZedIPadTests" */ = {
			isa = XCConfigurationList;
			buildConfigurations = (
				A4764B585150D3BFA41E7BD8 /* Debug */,
				BEFCAFB591ADDF152298A6BF /* Release */,
			);
			defaultConfigurationIsVisible = 0;
			defaultConfigurationName = Debug;
		};
/* End XCConfigurationList section */
	};
	rootObject = 428014060A3031FEA805512A /* Project object */;
}
